
Microsoft Visual Studio Solution File, Format Version 11.00
# Visual Studio 2010
# SharpDevelop 5.1
Project("{FAE04EC0-301F-11D3-BF4B-00C04F79EFBC}") = "Aplikasi_RekapKeuangan", "Aplikasi_RekapKeuangan\Aplikasi_RekapKeuangan.csproj", "{4635EC8F-B2E5-4AB8-9B37-FE2F4F239FA6}"
EndProject
Global
	GlobalSection(SolutionConfigurationPlatforms) = preSolution
		Debug|Any CPU = Debug|Any CPU
		Release|Any CPU = Release|Any CPU
	EndGlobalSection
	GlobalSection(ProjectConfigurationPlatforms) = postSolution
		{4635EC8F-B2E5-4AB8-9B37-FE2F4F239FA6}.Debug|Any CPU.ActiveCfg = Debug|Any CPU
		{4635EC8F-B2E5-4AB8-9B37-FE2F4F239FA6}.Debug|Any CPU.Build.0 = Debug|Any CPU
		{4635EC8F-B2E5-4AB8-9B37-FE2F4F239FA6}.Release|Any CPU.ActiveCfg = Release|Any CPU
		{4635EC8F-B2E5-4AB8-9B37-FE2F4F239FA6}.Release|Any CPU.Build.0 = Release|Any CPU
	EndGlobalSection
EndGlobal
